{
  "version": 4,
  "terraform_version": "1.4.6",
  "serial": 8,
  "lineage": "6e90a606-8204-22e8-4c97-0afd92457dc7",
  "outputs": {
    "public_ip": {
      "value": "20.42.50.9",
      "type": "string"
    },
    "rdp_endpoint": {
      "value": "20.42.50.9:3389",
      "type": "string"
    },
    "vm_id": {
      "value": "/subscriptions/28e1e42a-4438-4c30-9a5f-7d7b488fd883/resourceGroups/1-3f818d04-playground-sandbox/providers/Microsoft.Compute/virtualMachines/Proj-win-10-vm",
      "type": "string"
    }
  },
  "resources": [
    {
      "mode": "managed",
      "type": "azurerm_network_interface",
      "name": "nic",
      "provider": "provider[\"registry.terraform.io/hashicorp/azurerm\"]",
      "instances": [
        {
          "schema_version": 0,
          "attributes": {
            "accelerated_networking_enabled": false,
            "applied_dns_servers": [],
            "auxiliary_mode": "",
            "auxiliary_sku": "",
            "dns_servers": null,
            "edge_zone": "",
            "id": "/subscriptions/28e1e42a-4438-4c30-9a5f-7d7b488fd883/resourceGroups/1-3f818d04-playground-sandbox/providers/Microsoft.Network/networkInterfaces/Proj-win-10-nic",
            "internal_dns_name_label": "",
            "internal_domain_name_suffix": "0gutzy1g3rmelihumfze2r0qte.bx.internal.cloudapp.net",
            "ip_configuration": [
              {
                "gateway_load_balancer_frontend_ip_configuration_id": "",
                "name": "ipconfig1",
                "primary": true,
                "private_ip_address": "10.20.1.4",
                "private_ip_address_allocation": "Dynamic",
                "private_ip_address_version": "IPv4",
                "public_ip_address_id": "/subscriptions/28e1e42a-4438-4c30-9a5f-7d7b488fd883/resourceGroups/1-3f818d04-playground-sandbox/providers/Microsoft.Network/publicIPAddresses/Proj-win-10-pip",
                "subnet_id": "/subscriptions/28e1e42a-4438-4c30-9a5f-7d7b488fd883/resourceGroups/1-3f818d04-playground-sandbox/providers/Microsoft.Network/virtualNetworks/Proj-win-10-vnet/subnets/Proj-win-10-subnet"
              }
            ],
            "ip_forwarding_enabled": false,
            "location": "eastus",
            "mac_address": "",
            "name": "Proj-win-10-nic",
            "private_ip_address": "10.20.1.4",
            "private_ip_addresses": [
              "10.20.1.4"
            ],
            "resource_group_name": "1-3f818d04-playground-sandbox",
            "tags": {
              "owner": "siva",
              "project": "Proj-win-10"
            },
            "timeouts": null,
            "virtual_machine_id": ""
          },
          "sensitive_attributes": [],
          "private": "eyJlMmJmYjczMC1lY2FhLTExZTYtOGY4OC0zNDM2M2JjN2M0YzAiOnsiY3JlYXRlIjoxODAwMDAwMDAwMDAwLCJkZWxldGUiOjE4MDAwMDAwMDAwMDAsInJlYWQiOjMwMDAwMDAwMDAwMCwidXBkYXRlIjoxODAwMDAwMDAwMDAwfX0=",
          "dependencies": [
            "azurerm_public_ip.pip",
            "azurerm_subnet.subnet",
            "azurerm_virtual_network.vnet"
          ]
        }
      ]
    },
    {
      "mode": "managed",
      "type": "azurerm_network_interface_security_group_association",
      "name": "nic_nsg",
      "provider": "provider[\"registry.terraform.io/hashicorp/azurerm\"]",
      "instances": [
        {
          "schema_version": 0,
          "attributes": {
            "id": "/subscriptions/28e1e42a-4438-4c30-9a5f-7d7b488fd883/resourceGroups/1-3f818d04-playground-sandbox/providers/Microsoft.Network/networkInterfaces/Proj-win-10-nic|/subscriptions/28e1e42a-4438-4c30-9a5f-7d7b488fd883/resourceGroups/1-3f818d04-playground-sandbox/providers/Microsoft.Network/networkSecurityGroups/Proj-win-10-nsg",
            "network_interface_id": "/subscriptions/28e1e42a-4438-4c30-9a5f-7d7b488fd883/resourceGroups/1-3f818d04-playground-sandbox/providers/Microsoft.Network/networkInterfaces/Proj-win-10-nic",
            "network_security_group_id": "/subscriptions/28e1e42a-4438-4c30-9a5f-7d7b488fd883/resourceGroups/1-3f818d04-playground-sandbox/providers/Microsoft.Network/networkSecurityGroups/Proj-win-10-nsg",
            "timeouts": null
          },
          "sensitive_attributes": [],
          "private": "eyJlMmJmYjczMC1lY2FhLTExZTYtOGY4OC0zNDM2M2JjN2M0YzAiOnsiY3JlYXRlIjoxODAwMDAwMDAwMDAwLCJkZWxldGUiOjE4MDAwMDAwMDAwMDAsInJlYWQiOjMwMDAwMDAwMDAwMH19",
          "dependencies": [
            "azurerm_network_interface.nic",
            "azurerm_network_security_group.nsg",
            "azurerm_public_ip.pip",
            "azurerm_subnet.subnet",
            "azurerm_virtual_network.vnet"
          ]
        }
      ]
    },
    {
      "mode": "managed",
      "type": "azurerm_network_security_group",
      "name": "nsg",
      "provider": "provider[\"registry.terraform.io/hashicorp/azurerm\"]",
      "instances": [
        {
          "schema_version": 0,
          "attributes": {
            "id": "/subscriptions/28e1e42a-4438-4c30-9a5f-7d7b488fd883/resourceGroups/1-3f818d04-playground-sandbox/providers/Microsoft.Network/networkSecurityGroups/Proj-win-10-nsg",
            "location": "eastus",
            "name": "Proj-win-10-nsg",
            "resource_group_name": "1-3f818d04-playground-sandbox",
            "security_rule": [
              {
                "access": "Allow",
                "description": "",
                "destination_address_prefix": "*",
                "destination_address_prefixes": [],
                "destination_application_security_group_ids": [],
                "destination_port_range": "3389",
                "destination_port_ranges": [],
                "direction": "Inbound",
                "name": "allow-rdp-3389",
                "priority": 1000,
                "protocol": "Tcp",
                "source_address_prefix": "0.0.0.0/0",
                "source_address_prefixes": [],
                "source_application_security_group_ids": [],
                "source_port_range": "*",
                "source_port_ranges": []
              }
            ],
            "tags": {
              "owner": "siva",
              "project": "Proj-win-10"
            },
            "timeouts": null
          },
          "sensitive_attributes": [],
          "private": "eyJlMmJmYjczMC1lY2FhLTExZTYtOGY4OC0zNDM2M2JjN2M0YzAiOnsiY3JlYXRlIjoxODAwMDAwMDAwMDAwLCJkZWxldGUiOjE4MDAwMDAwMDAwMDAsInJlYWQiOjMwMDAwMDAwMDAwMCwidXBkYXRlIjoxODAwMDAwMDAwMDAwfX0="
        }
      ]
    },
    {
      "mode": "managed",
      "type": "azurerm_public_ip",
      "name": "pip",
      "provider": "provider[\"registry.terraform.io/hashicorp/azurerm\"]",
      "instances": [
        {
          "schema_version": 0,
          "attributes": {
            "allocation_method": "Static",
            "ddos_protection_mode": "VirtualNetworkInherited",
            "ddos_protection_plan_id": null,
            "domain_name_label": null,
            "domain_name_label_scope": null,
            "edge_zone": "",
            "fqdn": null,
            "id": "/subscriptions/28e1e42a-4438-4c30-9a5f-7d7b488fd883/resourceGroups/1-3f818d04-playground-sandbox/providers/Microsoft.Network/publicIPAddresses/Proj-win-10-pip",
            "idle_timeout_in_minutes": 4,
            "ip_address": "20.42.50.9",
            "ip_tags": null,
            "ip_version": "IPv4",
            "location": "eastus",
            "name": "Proj-win-10-pip",
            "public_ip_prefix_id": null,
            "resource_group_name": "1-3f818d04-playground-sandbox",
            "reverse_fqdn": null,
            "sku": "Standard",
            "sku_tier": "Regional",
            "tags": {
              "owner": "siva",
              "project": "Proj-win-10"
            },
            "timeouts": null,
            "zones": null
          },
          "sensitive_attributes": [],
          "private": "eyJlMmJmYjczMC1lY2FhLTExZTYtOGY4OC0zNDM2M2JjN2M0YzAiOnsiY3JlYXRlIjoxODAwMDAwMDAwMDAwLCJkZWxldGUiOjE4MDAwMDAwMDAwMDAsInJlYWQiOjMwMDAwMDAwMDAwMCwidXBkYXRlIjoxODAwMDAwMDAwMDAwfX0="
        }
      ]
    },
    {
      "mode": "managed",
      "type": "azurerm_subnet",
      "name": "subnet",
      "provider": "provider[\"registry.terraform.io/hashicorp/azurerm\"]",
      "instances": [
        {
          "schema_version": 0,
          "attributes": {
            "address_prefixes": [
              "10.20.1.0/24"
            ],
            "default_outbound_access_enabled": true,
            "delegation": [],
            "id": "/subscriptions/28e1e42a-4438-4c30-9a5f-7d7b488fd883/resourceGroups/1-3f818d04-playground-sandbox/providers/Microsoft.Network/virtualNetworks/Proj-win-10-vnet/subnets/Proj-win-10-subnet",
            "ip_address_pool": [],
            "name": "Proj-win-10-subnet",
            "private_endpoint_network_policies": "Disabled",
            "private_link_service_network_policies_enabled": true,
            "resource_group_name": "1-3f818d04-playground-sandbox",
            "service_endpoint_policy_ids": null,
            "service_endpoints": null,
            "sharing_scope": "",
            "timeouts": null,
            "virtual_network_name": "Proj-win-10-vnet"
          },
          "sensitive_attributes": [],
          "private": "eyJlMmJmYjczMC1lY2FhLTExZTYtOGY4OC0zNDM2M2JjN2M0YzAiOnsiY3JlYXRlIjoxODAwMDAwMDAwMDAwLCJkZWxldGUiOjE4MDAwMDAwMDAwMDAsInJlYWQiOjMwMDAwMDAwMDAwMCwidXBkYXRlIjoxODAwMDAwMDAwMDAwfX0=",
          "dependencies": [
            "azurerm_virtual_network.vnet"
          ]
        }
      ]
    },
    {
      "mode": "managed",
      "type": "azurerm_virtual_network",
      "name": "vnet",
      "provider": "provider[\"registry.terraform.io/hashicorp/azurerm\"]",
      "instances": [
        {
          "schema_version": 0,
          "attributes": {
            "address_space": [
              "10.20.0.0/16"
            ],
            "bgp_community": "",
            "ddos_protection_plan": [],
            "dns_servers": [],
            "edge_zone": "",
            "encryption": [],
            "flow_timeout_in_minutes": 0,
            "guid": "e33ca9d1-ec66-4558-a0f4-61724e47509c",
            "id": "/subscriptions/28e1e42a-4438-4c30-9a5f-7d7b488fd883/resourceGroups/1-3f818d04-playground-sandbox/providers/Microsoft.Network/virtualNetworks/Proj-win-10-vnet",
            "ip_address_pool": [],
            "location": "eastus",
            "name": "Proj-win-10-vnet",
            "private_endpoint_vnet_policies": "Disabled",
            "resource_group_name": "1-3f818d04-playground-sandbox",
            "subnet": [],
            "tags": {
              "owner": "siva",
              "project": "Proj-win-10"
            },
            "timeouts": null
          },
          "sensitive_attributes": [],
          "private": "eyJlMmJmYjczMC1lY2FhLTExZTYtOGY4OC0zNDM2M2JjN2M0YzAiOnsiY3JlYXRlIjoxODAwMDAwMDAwMDAwLCJkZWxldGUiOjE4MDAwMDAwMDAwMDAsInJlYWQiOjMwMDAwMDAwMDAwMCwidXBkYXRlIjoxODAwMDAwMDAwMDAwfX0="
        }
      ]
    },
    {
      "mode": "managed",
      "type": "azurerm_windows_virtual_machine",
      "name": "vm",
      "provider": "provider[\"registry.terraform.io/hashicorp/azurerm\"]",
      "instances": [
        {
          "schema_version": 0,
          "attributes": {
            "additional_capabilities": [],
            "additional_unattend_content": [],
            "admin_password": "SivaGoli@2000",
            "admin_username": "azureadmin",
            "allow_extension_operations": true,
            "automatic_updates_enabled": true,
            "availability_set_id": "",
            "boot_diagnostics": [],
            "bypass_platform_safety_checks_on_user_schedule_enabled": false,
            "capacity_reservation_group_id": "",
            "computer_name": "Proj-win-10-vm",
            "custom_data": null,
            "dedicated_host_group_id": "",
            "dedicated_host_id": "",
            "disk_controller_type": "",
            "edge_zone": "",
            "enable_automatic_updates": true,
            "encryption_at_host_enabled": false,
            "eviction_policy": "",
            "extensions_time_budget": "PT1H30M",
            "gallery_application": [],
            "hotpatching_enabled": false,
            "id": "/subscriptions/28e1e42a-4438-4c30-9a5f-7d7b488fd883/resourceGroups/1-3f818d04-playground-sandbox/providers/Microsoft.Compute/virtualMachines/Proj-win-10-vm",
            "identity": [],
            "license_type": "",
            "location": "eastus",
            "max_bid_price": -1,
            "name": "Proj-win-10-vm",
            "network_interface_ids": [
              "/subscriptions/28e1e42a-4438-4c30-9a5f-7d7b488fd883/resourceGroups/1-3f818d04-playground-sandbox/providers/Microsoft.Network/networkInterfaces/Proj-win-10-nic"
            ],
            "os_disk": [
              {
                "caching": "ReadWrite",
                "diff_disk_settings": [],
                "disk_encryption_set_id": "",
                "disk_size_gb": 127,
                "id": "/subscriptions/28e1e42a-4438-4c30-9a5f-7d7b488fd883/resourceGroups/1-3f818d04-playground-sandbox/providers/Microsoft.Compute/disks/Proj-win-10-osdisk",
                "name": "Proj-win-10-osdisk",
                "secure_vm_disk_encryption_set_id": "",
                "security_encryption_type": "",
                "storage_account_type": "Standard_LRS",
                "write_accelerator_enabled": false
              }
            ],
            "os_image_notification": [],
            "os_managed_disk_id": "/subscriptions/28e1e42a-4438-4c30-9a5f-7d7b488fd883/resourceGroups/1-3f818d04-playground-sandbox/providers/Microsoft.Compute/disks/Proj-win-10-osdisk",
            "patch_assessment_mode": "ImageDefault",
            "patch_mode": "AutomaticByOS",
            "plan": [],
            "platform_fault_domain": -1,
            "priority": "Regular",
            "private_ip_address": "10.20.1.4",
            "private_ip_addresses": [
              "10.20.1.4"
            ],
            "provision_vm_agent": true,
            "proximity_placement_group_id": "",
            "public_ip_address": "20.42.50.9",
            "public_ip_addresses": [
              "20.42.50.9"
            ],
            "reboot_setting": "",
            "resource_group_name": "1-3f818d04-playground-sandbox",
            "secret": [],
            "secure_boot_enabled": false,
            "size": "Standard_D2s_v5",
            "source_image_id": "",
            "source_image_reference": [
              {
                "offer": "Windows-10",
                "publisher": "MicrosoftWindowsDesktop",
                "sku": "win10-22h2-pro",
                "version": "latest"
              }
            ],
            "tags": {
              "owner": "siva",
              "project": "Proj-win-10"
            },
            "termination_notification": null,
            "timeouts": null,
            "timezone": "",
            "user_data": "",
            "virtual_machine_id": "acc2e9a7-78aa-491b-9bc4-b52c645d998b",
            "virtual_machine_scale_set_id": "",
            "vm_agent_platform_updates_enabled": true,
            "vtpm_enabled": false,
            "winrm_listener": [],
            "zone": ""
          },
          "sensitive_attributes": [
            [
              {
                "type": "get_attr",
                "value": "admin_password"
              }
            ]
          ],
          "private": "eyJlMmJmYjczMC1lY2FhLTExZTYtOGY4OC0zNDM2M2JjN2M0YzAiOnsiY3JlYXRlIjoyNzAwMDAwMDAwMDAwLCJkZWxldGUiOjI3MDAwMDAwMDAwMDAsInJlYWQiOjMwMDAwMDAwMDAwMCwidXBkYXRlIjoyNzAwMDAwMDAwMDAwfX0=",
          "dependencies": [
            "azurerm_network_interface.nic",
            "azurerm_public_ip.pip",
            "azurerm_subnet.subnet",
            "azurerm_virtual_network.vnet"
          ]
        }
      ]
    }
  ],
  "check_results": null
}
